// !$*UTF8*$!
{
	archiveVersion = 1;
	classes = {
	};
	objectVersion = 46;
	objects = {

/* Begin PBXBuildFile section */
		8003099B1A6198F6004A2DEA /* SwiftAddressBookAdapter.swift in Sources */ = {isa = PBXBuildFile; fileRef = 8003099A1A6198F6004A2DEA /* SwiftAddressBookAdapter.swift */; };
		80041DE61A7E859C00C26C2C /* AddCar.swift in Sources */ = {isa = PBXBuildFile; fileRef = 80041DE51A7E859C00C26C2C /* AddCar.swift */; };
		803929681A67C8FA00982073 /* Login.swift in Sources */ = {isa = PBXBuildFile; fileRef = 803929671A67C8FA00982073 /* Login.swift */; };
		80AD74E91A5F2872002B48CA /* AppDelegate.swift in Sources */ = {isa = PBXBuildFile; fileRef = 80AD74E81A5F2872002B48CA /* AppDelegate.swift */; };
		80AD74EB1A5F2872002B48CA /* ViewController.swift in Sources */ = {isa = PBXBuildFile; fileRef = 80AD74EA1A5F2872002B48CA /* ViewController.swift */; };
		80AD74EE1A5F2872002B48CA /* Main.storyboard in Resources */ = {isa = PBXBuildFile; fileRef = 80AD74EC1A5F2872002B48CA /* Main.storyboard */; };
		80AD74F01A5F2872002B48CA /* Images.xcassets in Resources */ = {isa = PBXBuildFile; fileRef = 80AD74EF1A5F2872002B48CA /* Images.xcassets */; };
		80AD74F31A5F2872002B48CA /* LaunchScreen.xib in Resources */ = {isa = PBXBuildFile; fileRef = 80AD74F11A5F2872002B48CA /* LaunchScreen.xib */; };
		80AD74FF1A5F2872002B48CA /* MapDemoTests.swift in Sources */ = {isa = PBXBuildFile; fileRef = 80AD74FE1A5F2872002B48CA /* MapDemoTests.swift */; };
		80AD75091A5F2BAA002B48CA /* GoogleMaps.framework in Frameworks */ = {isa = PBXBuildFile; fileRef = 80AD75081A5F2BAA002B48CA /* GoogleMaps.framework */; };
		80AD750B1A5F2C14002B48CA /* GoogleMaps.bundle in Resources */ = {isa = PBXBuildFile; fileRef = 80AD750A1A5F2C14002B48CA /* GoogleMaps.bundle */; };
		80AD750D1A5F2C5D002B48CA /* AVFoundation.framework in Frameworks */ = {isa = PBXBuildFile; fileRef = 80AD750C1A5F2C5D002B48CA /* AVFoundation.framework */; };
		80AD750F1A5F2C67002B48CA /* CoreData.framework in Frameworks */ = {isa = PBXBuildFile; fileRef = 80AD750E1A5F2C67002B48CA /* CoreData.framework */; };
		80AD75111A5F2C73002B48CA /* CoreLocation.framework in Frameworks */ = {isa = PBXBuildFile; fileRef = 80AD75101A5F2C73002B48CA /* CoreLocation.framework */; };
		80AD75131A5F2C7C002B48CA /* CoreText.framework in Frameworks */ = {isa = PBXBuildFile; fileRef = 80AD75121A5F2C7C002B48CA /* CoreText.framework */; };
		80AD75151A5F2C83002B48CA /* GLKit.framework in Frameworks */ = {isa = PBXBuildFile; fileRef = 80AD75141A5F2C83002B48CA /* GLKit.framework */; };
		80AD75171A5F2C8C002B48CA /* ImageIO.framework in Frameworks */ = {isa = PBXBuildFile; fileRef = 80AD75161A5F2C8C002B48CA /* ImageIO.framework */; };
		80AD75191A5F2C97002B48CA /* libc++.dylib in Frameworks */ = {isa = PBXBuildFile; fileRef = 80AD75181A5F2C97002B48CA /* libc++.dylib */; };
		80AD751B1A5F2CA5002B48CA /* libicucore.dylib in Frameworks */ = {isa = PBXBuildFile; fileRef = 80AD751A1A5F2CA5002B48CA /* libicucore.dylib */; };
		80AD751D1A5F2CAE002B48CA /* libz.dylib in Frameworks */ = {isa = PBXBuildFile; fileRef = 80AD751C1A5F2CAE002B48CA /* libz.dylib */; };
		80AD751F1A5F2CB7002B48CA /* OpenGLES.framework in Frameworks */ = {isa = PBXBuildFile; fileRef = 80AD751E1A5F2CB7002B48CA /* OpenGLES.framework */; };
		80AD75211A5F2CBF002B48CA /* QuartzCore.framework in Frameworks */ = {isa = PBXBuildFile; fileRef = 80AD75201A5F2CBF002B48CA /* QuartzCore.framework */; };
		80AD75231A5F2CC8002B48CA /* SystemConfiguration.framework in Frameworks */ = {isa = PBXBuildFile; fileRef = 80AD75221A5F2CC8002B48CA /* SystemConfiguration.framework */; };
		80AD75261A5F2E93002B48CA /* Bring.m in Sources */ = {isa = PBXBuildFile; fileRef = 80AD75251A5F2E93002B48CA /* Bring.m */; };
		80B1AD561A6076A000833DD5 /* UserListController.swift in Sources */ = {isa = PBXBuildFile; fileRef = 80B1AD551A6076A000833DD5 /* UserListController.swift */; };
		80B1AD581A608A3900833DD5 /* MyTableViewCell.swift in Sources */ = {isa = PBXBuildFile; fileRef = 80B1AD571A608A3900833DD5 /* MyTableViewCell.swift */; };
		80B1AD5B1A6090B700833DD5 /* Emails.xcdatamodeld in Sources */ = {isa = PBXBuildFile; fileRef = 80B1AD591A6090B700833DD5 /* Emails.xcdatamodeld */; };
/* End PBXBuildFile section */

/* Begin PBXContainerItemProxy section */
		80AD74F91A5F2872002B48CA /* PBXContainerItemProxy */ = {
			isa = PBXContainerItemProxy;
			containerPortal = 80AD74DB1A5F2872002B48CA /* Project object */;
			proxyType = 1;
			remoteGlobalIDString = 80AD74E21A5F2872002B48CA;
			remoteInfo = MapDemo;
		};
/* End PBXContainerItemProxy section */

/* Begin PBXFileReference section */
		8003099A1A6198F6004A2DEA /* SwiftAddressBookAdapter.swift */ = {isa = PBXFileReference; fileEncoding = 4; lastKnownFileType = sourcecode.swift; path = SwiftAddressBookAdapter.swift; sourceTree = "<group>"; };
		80041DE51A7E859C00C26C2C /* AddCar.swift */ = {isa = PBXFileReference; fileEncoding = 4; lastKnownFileType = sourcecode.swift; name = AddCar.swift; path = ../AddCar.swift; sourceTree = "<group>"; };
		803929671A67C8FA00982073 /* Login.swift */ = {isa = PBXFileReference; fileEncoding = 4; lastKnownFileType = sourcecode.swift; path = Login.swift; sourceTree = "<group>"; };
		80AD74E31A5F2872002B48CA /* MapDemo.app */ = {isa = PBXFileReference; explicitFileType = wrapper.application; includeInIndex = 0; path = MapDemo.app; sourceTree = BUILT_PRODUCTS_DIR; };
		80AD74E71A5F2872002B48CA /* Info.plist */ = {isa = PBXFileReference; lastKnownFileType = text.plist.xml; path = Info.plist; sourceTree = "<group>"; };
		80AD74E81A5F2872002B48CA /* AppDelegate.swift */ = {isa = PBXFileReference; lastKnownFileType = sourcecode.swift; path = AppDelegate.swift; sourceTree = "<group>"; };
		80AD74EA1A5F2872002B48CA /* ViewController.swift */ = {isa = PBXFileReference; lastKnownFileType = sourcecode.swift; path = ViewController.swift; sourceTree = "<group>"; };
		80AD74ED1A5F2872002B48CA /* Base */ = {isa = PBXFileReference; lastKnownFileType = file.storyboard; name = Base; path = Base.lproj/Main.storyboard; sourceTree = "<group>"; };
		80AD74EF1A5F2872002B48CA /* Images.xcassets */ = {isa = PBXFileReference; lastKnownFileType = folder.assetcatalog; path = Images.xcassets; sourceTree = "<group>"; };
		80AD74F21A5F2872002B48CA /* Base */ = {isa = PBXFileReference; lastKnownFileType = file.xib; name = Base; path = Base.lproj/LaunchScreen.xib; sourceTree = "<group>"; };
		80AD74F81A5F2872002B48CA /* MapDemoTests.xctest */ = {isa = PBXFileReference; explicitFileType = wrapper.cfbundle; includeInIndex = 0; path = MapDemoTests.xctest; sourceTree = BUILT_PRODUCTS_DIR; };
		80AD74FD1A5F2872002B48CA /* Info.plist */ = {isa = PBXFileReference; lastKnownFileType = text.plist.xml; path = Info.plist; sourceTree = "<group>"; };
		80AD74FE1A5F2872002B48CA /* MapDemoTests.swift */ = {isa = PBXFileReference; lastKnownFileType = sourcecode.swift; path = MapDemoTests.swift; sourceTree = "<group>"; };
		80AD75081A5F2BAA002B48CA /* GoogleMaps.framework */ = {isa = PBXFileReference; lastKnownFileType = wrapper.framework; path = GoogleMaps.framework; sourceTree = "<group>"; };
		80AD750A1A5F2C14002B48CA /* GoogleMaps.bundle */ = {isa = PBXFileReference; lastKnownFileType = "wrapper.plug-in"; name = GoogleMaps.bundle; path = GoogleMaps.framework/Versions/A/Resources/GoogleMaps.bundle; sourceTree = "<group>"; };
		80AD750C1A5F2C5D002B48CA /* AVFoundation.framework */ = {isa = PBXFileReference; lastKnownFileType = wrapper.framework; name = AVFoundation.framework; path = System/Library/Frameworks/AVFoundation.framework; sourceTree = SDKROOT; };
		80AD750E1A5F2C67002B48CA /* CoreData.framework */ = {isa = PBXFileReference; lastKnownFileType = wrapper.framework; name = CoreData.framework; path = System/Library/Frameworks/CoreData.framework; sourceTree = SDKROOT; };
		80AD75101A5F2C73002B48CA /* CoreLocation.framework */ = {isa = PBXFileReference; lastKnownFileType = wrapper.framework; name = CoreLocation.framework; path = System/Library/Frameworks/CoreLocation.framework; sourceTree = SDKROOT; };
		80AD75121A5F2C7C002B48CA /* CoreText.framework */ = {isa = PBXFileReference; lastKnownFileType = wrapper.framework; name = CoreText.framework; path = System/Library/Frameworks/CoreText.framework; sourceTree = SDKROOT; };
		80AD75141A5F2C83002B48CA /* GLKit.framework */ = {isa = PBXFileReference; lastKnownFileType = wrapper.framework; name = GLKit.framework; path = System/Library/Frameworks/GLKit.framework; sourceTree = SDKROOT; };
		80AD75161A5F2C8C002B48CA /* ImageIO.framework */ = {isa = PBXFileReference; lastKnownFileType = wrapper.framework; name = ImageIO.framework; path = System/Library/Frameworks/ImageIO.framework; sourceTree = SDKROOT; };
		80AD75181A5F2C97002B48CA /* libc++.dylib */ = {isa = PBXFileReference; lastKnownFileType = "compiled.mach-o.dylib"; name = "libc++.dylib"; path = "usr/lib/libc++.dylib"; sourceTree = SDKROOT; };
		80AD751A1A5F2CA5002B48CA /* libicucore.dylib */ = {isa = PBXFileReference; lastKnownFileType = "compiled.mach-o.dylib"; name = libicucore.dylib; path = usr/lib/libicucore.dylib; sourceTree = SDKROOT; };
		80AD751C1A5F2CAE002B48CA /* libz.dylib */ = {isa = PBXFileReference; lastKnownFileType = "compiled.mach-o.dylib"; name = libz.dylib; path = usr/lib/libz.dylib; sourceTree = SDKROOT; };
		80AD751E1A5F2CB7002B48CA /* OpenGLES.framework */ = {isa = PBXFileReference; lastKnownFileType = wrapper.framework; name = OpenGLES.framework; path = System/Library/Frameworks/OpenGLES.framework; sourceTree = SDKROOT; };
		80AD75201A5F2CBF002B48CA /* QuartzCore.framework */ = {isa = PBXFileReference; lastKnownFileType = wrapper.framework; name = QuartzCore.framework; path = System/Library/Frameworks/QuartzCore.framework; sourceTree = SDKROOT; };
		80AD75221A5F2CC8002B48CA /* SystemConfiguration.framework */ = {isa = PBXFileReference; lastKnownFileType = wrapper.framework; name = SystemConfiguration.framework; path = System/Library/Frameworks/SystemConfiguration.framework; sourceTree = SDKROOT; };
		80AD75241A5F2E92002B48CA /* MapDemo-Bridging-Header.h */ = {isa = PBXFileReference; lastKnownFileType = sourcecode.c.h; path = "MapDemo-Bridging-Header.h"; sourceTree = "<group>"; };
		80AD75251A5F2E93002B48CA /* Bring.m */ = {isa = PBXFileReference; fileEncoding = 4; lastKnownFileType = sourcecode.c.objc; path = Bring.m; sourceTree = "<group>"; };
		80B1AD551A6076A000833DD5 /* UserListController.swift */ = {isa = PBXFileReference; fileEncoding = 4; lastKnownFileType = sourcecode.swift; path = UserListController.swift; sourceTree = "<group>"; };
		80B1AD571A608A3900833DD5 /* MyTableViewCell.swift */ = {isa = PBXFileReference; fileEncoding = 4; lastKnownFileType = sourcecode.swift; path = MyTableViewCell.swift; sourceTree = "<group>"; };
		80B1AD5A1A6090B700833DD5 /* Emails.xcdatamodel */ = {isa = PBXFileReference; lastKnownFileType = wrapper.xcdatamodel; path = Emails.xcdatamodel; sourceTree = "<group>"; };
/* End PBXFileReference section */

/* Begin PBXFrameworksBuildPhase section */
		80AD74E01A5F2872002B48CA /* Frameworks */ = {
			isa = PBXFrameworksBuildPhase;
			buildActionMask = 2147483647;
			files = (
				80AD75231A5F2CC8002B48CA /* SystemConfiguration.framework in Frameworks */,
				80AD75211A5F2CBF002B48CA /* QuartzCore.framework in Frameworks */,
				80AD751F1A5F2CB7002B48CA /* OpenGLES.framework in Frameworks */,
				80AD751D1A5F2CAE002B48CA /* libz.dylib in Frameworks */,
				80AD751B1A5F2CA5002B48CA /* libicucore.dylib in Frameworks */,
				80AD75191A5F2C97002B48CA /* libc++.dylib in Frameworks */,
				80AD75171A5F2C8C002B48CA /* ImageIO.framework in Frameworks */,
				80AD75151A5F2C83002B48CA /* GLKit.framework in Frameworks */,
				80AD75131A5F2C7C002B48CA /* CoreText.framework in Frameworks */,
				80AD75111A5F2C73002B48CA /* CoreLocation.framework in Frameworks */,
				80AD750F1A5F2C67002B48CA /* CoreData.framework in Frameworks */,
				80AD750D1A5F2C5D002B48CA /* AVFoundation.framework in Frameworks */,
				80AD75091A5F2BAA002B48CA /* GoogleMaps.framework in Frameworks */,
			);
			runOnlyForDeploymentPostprocessing = 0;
		};
		80AD74F51A5F2872002B48CA /* Frameworks */ = {
			isa = PBXFrameworksBuildPhase;
			buildActionMask = 2147483647;
			files = (
			);
			runOnlyForDeploymentPostprocessing = 0;
		};
/* End PBXFrameworksBuildPhase section */

/* Begin PBXGroup section */
		80AD74DA1A5F2872002B48CA = {
			isa = PBXGroup;
			children = (
				80AD75221A5F2CC8002B48CA /* SystemConfiguration.framework */,
				80AD75201A5F2CBF002B48CA /* QuartzCore.framework */,
				80AD751E1A5F2CB7002B48CA /* OpenGLES.framework */,
				80AD751C1A5F2CAE002B48CA /* libz.dylib */,
				80AD751A1A5F2CA5002B48CA /* libicucore.dylib */,
				80AD75181A5F2C97002B48CA /* libc++.dylib */,
				80AD75161A5F2C8C002B48CA /* ImageIO.framework */,
				80AD75141A5F2C83002B48CA /* GLKit.framework */,
				80AD75121A5F2C7C002B48CA /* CoreText.framework */,
				80AD75101A5F2C73002B48CA /* CoreLocation.framework */,
				80AD750E1A5F2C67002B48CA /* CoreData.framework */,
				80AD750C1A5F2C5D002B48CA /* AVFoundation.framework */,
				80AD750A1A5F2C14002B48CA /* GoogleMaps.bundle */,
				80AD75081A5F2BAA002B48CA /* GoogleMaps.framework */,
				80AD74E51A5F2872002B48CA /* MapDemo */,
				80AD74FB1A5F2872002B48CA /* MapDemoTests */,
				80AD74E41A5F2872002B48CA /* Products */,
			);
			sourceTree = "<group>";
		};
		80AD74E41A5F2872002B48CA /* Products */ = {
			isa = PBXGroup;
			children = (
				80AD74E31A5F2872002B48CA /* MapDemo.app */,
				80AD74F81A5F2872002B48CA /* MapDemoTests.xctest */,
			);
			name = Products;
			sourceTree = "<group>";
		};
		80AD74E51A5F2872002B48CA /* MapDemo */ = {
			isa = PBXGroup;
			children = (
				80041DE51A7E859C00C26C2C /* AddCar.swift */,
				80AD74E81A5F2872002B48CA /* AppDelegate.swift */,
				80B1AD591A6090B700833DD5 /* Emails.xcdatamodeld */,
				80AD75251A5F2E93002B48CA /* Bring.m */,
				80AD74EA1A5F2872002B48CA /* ViewController.swift */,
				80AD74EC1A5F2872002B48CA /* Main.storyboard */,
				80AD74EF1A5F2872002B48CA /* Images.xcassets */,
				80AD74F11A5F2872002B48CA /* LaunchScreen.xib */,
				80AD74E61A5F2872002B48CA /* Supporting Files */,
				80AD75241A5F2E92002B48CA /* MapDemo-Bridging-Header.h */,
				80B1AD551A6076A000833DD5 /* UserListController.swift */,
				80B1AD571A608A3900833DD5 /* MyTableViewCell.swift */,
				8003099A1A6198F6004A2DEA /* SwiftAddressBookAdapter.swift */,
				803929671A67C8FA00982073 /* Login.swift */,
			);
			path = MapDemo;
			sourceTree = "<group>";
		};
		80AD74E61A5F2872002B48CA /* Supporting Files */ = {
			isa = PBXGroup;
			children = (
				80AD74E71A5F2872002B48CA /* Info.plist */,
			);
			name = "Supporting Files";
			sourceTree = "<group>";
		};
		80AD74FB1A5F2872002B48CA /* MapDemoTests */ = {
			isa = PBXGroup;
			children = (
				80AD74FE1A5F2872002B48CA /* MapDemoTests.swift */,
				80AD74FC1A5F2872002B48CA /* Supporting Files */,
			);
			path = MapDemoTests;
			sourceTree = "<group>";
		};
		80AD74FC1A5F2872002B48CA /* Supporting Files */ = {
			isa = PBXGroup;
			children = (
				80AD74FD1A5F2872002B48CA /* Info.plist */,
			);
			name = "Supporting Files";
			sourceTree = "<group>";
		};
/* End PBXGroup section */

/* Begin PBXNativeTarget section */
		80AD74E21A5F2872002B48CA /* MapDemo */ = {
			isa = PBXNativeTarget;
			buildConfigurationList = 80AD75021A5F2872002B48CA /* Build configuration list for PBXNativeTarget "MapDemo" */;
			buildPhases = (
				80AD74DF1A5F2872002B48CA /* Sources */,
				80AD74E01A5F2872002B48CA /* Frameworks */,
				80AD74E11A5F2872002B48CA /* Resources */,
			);
			buildRules = (
			);
			dependencies = (
			);
			name = MapDemo;
			productName = MapDemo;
			productReference = 80AD74E31A5F2872002B48CA /* MapDemo.app */;
			productType = "com.apple.product-type.application";
		};
		80AD74F71A5F2872002B48CA /* MapDemoTests */ = {
			isa = PBXNativeTarget;
			buildConfigurationList = 80AD75051A5F2872002B48CA /* Build configuration list for PBXNativeTarget "MapDemoTests" */;
			buildPhases = (
				80AD74F41A5F2872002B48CA /* Sources */,
				80AD74F51A5F2872002B48CA /* Frameworks */,
				80AD74F61A5F2872002B48CA /* Resources */,
			);
			buildRules = (
			);
			dependencies = (
				80AD74FA1A5F2872002B48CA /* PBXTargetDependency */,
			);
			name = MapDemoTests;
			productName = MapDemoTests;
			productReference = 80AD74F81A5F2872002B48CA /* MapDemoTests.xctest */;
			productType = "com.apple.product-type.bundle.unit-test";
		};
/* End PBXNativeTarget section */

/* Begin PBXProject section */
		80AD74DB1A5F2872002B48CA /* Project object */ = {
			isa = PBXProject;
			attributes = {
				LastUpgradeCheck = 0610;
				ORGANIZATIONNAME = familyParking;
				TargetAttributes = {
					80AD74E21A5F2872002B48CA = {
						CreatedOnToolsVersion = 6.1;
						DevelopmentTeam = 4UVHD887LG;
					};
					80AD74F71A5F2872002B48CA = {
						CreatedOnToolsVersion = 6.1;
						TestTargetID = 80AD74E21A5F2872002B48CA;
					};
				};
			};
			buildConfigurationList = 80AD74DE1A5F2872002B48CA /* Build configuration list for PBXProject "MapDemo" */;
			compatibilityVersion = "Xcode 3.2";
			developmentRegion = English;
			hasScannedForEncodings = 0;
			knownRegions = (
				en,
				Base,
			);
			mainGroup = 80AD74DA1A5F2872002B48CA;
			productRefGroup = 80AD74E41A5F2872002B48CA /* Products */;
			projectDirPath = "";
			projectRoot = "";
			targets = (
				80AD74E21A5F2872002B48CA /* MapDemo */,
				80AD74F71A5F2872002B48CA /* MapDemoTests */,
			);
		};
/* End PBXProject section */

/* Begin PBXResourcesBuildPhase section */
		80AD74E11A5F2872002B48CA /* Resources */ = {
			isa = PBXResourcesBuildPhase;
			buildActionMask = 2147483647;
			files = (
				80AD74EE1A5F2872002B48CA /* Main.storyboard in Resources */,
				80AD74F31A5F2872002B48CA /* LaunchScreen.xib in Resources */,
				80AD74F01A5F2872002B48CA /* Images.xcassets in Resources */,
				80AD750B1A5F2C14002B48CA /* GoogleMaps.bundle in Resources */,
			);
			runOnlyForDeploymentPostprocessing = 0;
		};
		80AD74F61A5F2872002B48CA /* Resources */ = {
			isa = PBXResourcesBuildPhase;
			buildActionMask = 2147483647;
			files = (
			);
			runOnlyForDeploymentPostprocessing = 0;
		};
/* End PBXResourcesBuildPhase section */

/* Begin PBXSourcesBuildPhase section */
		80AD74DF1A5F2872002B48CA /* Sources */ = {
			isa = PBXSourcesBuildPhase;
			buildActionMask = 2147483647;
			files = (
				80AD75261A5F2E93002B48CA /* Bring.m in Sources */,
				80041DE61A7E859C00C26C2C /* AddCar.swift in Sources */,
				80AD74EB1A5F2872002B48CA /* ViewController.swift in Sources */,
				80B1AD561A6076A000833DD5 /* UserListController.swift in Sources */,
				80B1AD581A608A3900833DD5 /* MyTableViewCell.swift in Sources */,
				80B1AD5B1A6090B700833DD5 /* Emails.xcdatamodeld in Sources */,
				80AD74E91A5F2872002B48CA /* AppDelegate.swift in Sources */,
				8003099B1A6198F6004A2DEA /* SwiftAddressBookAdapter.swift in Sources */,
				803929681A67C8FA00982073 /* Login.swift in Sources */,
			);
			runOnlyForDeploymentPostprocessing = 0;
		};
		80AD74F41A5F2872002B48CA /* Sources */ = {
			isa = PBXSourcesBuildPhase;
			buildActionMask = 2147483647;
			files = (
				80AD74FF1A5F2872002B48CA /* MapDemoTests.swift in Sources */,
			);
			runOnlyForDeploymentPostprocessing = 0;
		};
/* End PBXSourcesBuildPhase section */

/* Begin PBXTargetDependency section */
		80AD74FA1A5F2872002B48CA /* PBXTargetDependency */ = {
			isa = PBXTargetDependency;
			target = 80AD74E21A5F2872002B48CA /* MapDemo */;
			targetProxy = 80AD74F91A5F2872002B48CA /* PBXContainerItemProxy */;
		};
/* End PBXTargetDependency section */

/* Begin PBXVariantGroup section */
		80AD74EC1A5F2872002B48CA /* Main.storyboard */ = {
			isa = PBXVariantGroup;
			children = (
				80AD74ED1A5F2872002B48CA /* Base */,
			);
			name = Main.storyboard;
			sourceTree = "<group>";
		};
		80AD74F11A5F2872002B48CA /* LaunchScreen.xib */ = {
			isa = PBXVariantGroup;
			children = (
				80AD74F21A5F2872002B48CA /* Base */,
			);
			name = LaunchScreen.xib;
			sourceTree = "<group>";
		};
/* End PBXVariantGroup section */

/* Begin XCBuildConfiguration section */
		80AD75001A5F2872002B48CA /* Debug */ = {
			isa = XCBuildConfiguration;
			buildSettings = {
				ALWAYS_SEARCH_USER_PATHS = NO;
				CLANG_CXX_LANGUAGE_STANDARD = "gnu++0x";
				CLANG_CXX_LIBRARY = "libc++";
				CLANG_ENABLE_MODULES = YES;
				CLANG_ENABLE_OBJC_ARC = YES;
				CLANG_WARN_BOOL_CONVERSION = YES;
				CLANG_WARN_CONSTANT_CONVERSION = YES;
				CLANG_WARN_DIRECT_OBJC_ISA_USAGE = YES_ERROR;
				CLANG_WARN_EMPTY_BODY = YES;
				CLANG_WARN_ENUM_CONVERSION = YES;
				CLANG_WARN_INT_CONVERSION = YES;
				CLANG_WARN_OBJC_ROOT_CLASS = YES_ERROR;
				CLANG_WARN_UNREACHABLE_CODE = YES;
				CLANG_WARN__DUPLICATE_METHOD_MATCH = YES;
				"CODE_SIGN_IDENTITY[sdk=iphoneos*]" = "iPhone Developer";
				COPY_PHASE_STRIP = NO;
				ENABLE_STRICT_OBJC_MSGSEND = YES;
				GCC_C_LANGUAGE_STANDARD = gnu99;
				GCC_DYNAMIC_NO_PIC = NO;
				GCC_OPTIMIZATION_LEVEL = 0;
				GCC_PREPROCESSOR_DEFINITIONS = (
					"DEBUG=1",
					"$(inherited)",
				);
				GCC_SYMBOLS_PRIVATE_EXTERN = NO;
				GCC_WARN_64_TO_32_BIT_CONVERSION = YES;
				GCC_WARN_ABOUT_RETURN_TYPE = YES_ERROR;
				GCC_WARN_UNDECLARED_SELECTOR = YES;
				GCC_WARN_UNINITIALIZED_AUTOS = YES_AGGRESSIVE;
				GCC_WARN_UNUSED_FUNCTION = YES;
				GCC_WARN_UNUSED_VARIABLE = YES;
				IPHONEOS_DEPLOYMENT_TARGET = 8.1;
				MTL_ENABLE_DEBUG_INFO = YES;
				ONLY_ACTIVE_ARCH = YES;
				SDKROOT = iphoneos;
				SWIFT_OPTIMIZATION_LEVEL = "-Onone";
				TARGETED_DEVICE_FAMILY = "1,2";
			};
			name = Debug;
		};
		80AD75011A5F2872002B48CA /* Release */ = {
			isa = XCBuildConfiguration;
			buildSettings = {
				ALWAYS_SEARCH_USER_PATHS = NO;
				CLANG_CXX_LANGUAGE_STANDARD = "gnu++0x";
				CLANG_CXX_LIBRARY = "libc++";
				CLANG_ENABLE_MODULES = YES;
				CLANG_ENABLE_OBJC_ARC = YES;
				CLANG_WARN_BOOL_CONVERSION = YES;
				CLANG_WARN_CONSTANT_CONVERSION = YES;
				CLANG_WARN_DIRECT_OBJC_ISA_USAGE = YES_ERROR;
				CLANG_WARN_EMPTY_BODY = YES;
				CLANG_WARN_ENUM_CONVERSION = YES;
				CLANG_WARN_INT_CONVERSION = YES;
				CLANG_WARN_OBJC_ROOT_CLASS = YES_ERROR;
				CLANG_WARN_UNREACHABLE_CODE = YES;
				CLANG_WARN__DUPLICATE_METHOD_MATCH = YES;
				"CODE_SIGN_IDENTITY[sdk=iphoneos*]" = "iPhone Developer";
				COPY_PHASE_STRIP = YES;
				ENABLE_NS_ASSERTIONS = NO;
				ENABLE_STRICT_OBJC_MSGSEND = YES;
				GCC_C_LANGUAGE_STANDARD = gnu99;
				GCC_WARN_64_TO_32_BIT_CONVERSION = YES;
				GCC_WARN_ABOUT_RETURN_TYPE = YES_ERROR;
				GCC_WARN_UNDECLARED_SELECTOR = YES;
				GCC_WARN_UNINITIALIZED_AUTOS = YES_AGGRESSIVE;
				GCC_WARN_UNUSED_FUNCTION = YES;
				GCC_WARN_UNUSED_VARIABLE = YES;
				IPHONEOS_DEPLOYMENT_TARGET = 8.1;
				MTL_ENABLE_DEBUG_INFO = NO;
				SDKROOT = iphoneos;
				TARGETED_DEVICE_FAMILY = "1,2";
				VALIDATE_PRODUCT = YES;
			};
			name = Release;
		};
		80AD75031A5F2872002B48CA /* Debug */ = {
			isa = XCBuildConfiguration;
			buildSettings = {
				ASSETCATALOG_COMPILER_APPICON_NAME = AppIcon;
				CLANG_ENABLE_MODULES = YES;
				CODE_SIGN_IDENTITY = "iPhone Developer";
				FRAMEWORK_SEARCH_PATHS = (
					"$(inherited)",
					"$(PROJECT_DIR)",
				);
				INFOPLIST_FILE = MapDemo/Info.plist;
				LD_RUNPATH_SEARCH_PATHS = "$(inherited) @executable_path/Frameworks";
				OTHER_LDFLAGS = "-ObjC";
				PRODUCT_NAME = "$(TARGET_NAME)";
				PROVISIONING_PROFILE = "";
				SWIFT_OBJC_BRIDGING_HEADER = "MapDemo/MapDemo-Bridging-Header.h";
				SWIFT_OPTIMIZATION_LEVEL = "-Onone";
				TARGETED_DEVICE_FAMILY = 1;
			};
			name = Debug;
		};
		80AD75041A5F2872002B48CA /* Release */ = {
			isa = XCBuildConfiguration;
			buildSettings = {
				ASSETCATALOG_COMPILER_APPICON_NAME = AppIcon;
				CLANG_ENABLE_MODULES = YES;
				CODE_SIGN_IDENTITY = "iPhone Developer";
				FRAMEWORK_SEARCH_PATHS = (
					"$(inherited)",
					"$(PROJECT_DIR)",
				);
				INFOPLIST_FILE = MapDemo/Info.plist;
				LD_RUNPATH_SEARCH_PATHS = "$(inherited) @executable_path/Frameworks";
				OTHER_LDFLAGS = "-ObjC";
				PRODUCT_NAME = "$(TARGET_NAME)";
				PROVISIONING_PROFILE = "";
				SWIFT_OBJC_BRIDGING_HEADER = "MapDemo/MapDemo-Bridging-Header.h";
				TARGETED_DEVICE_FAMILY = 1;
			};
			name = Release;
		};
		80AD75061A5F2872002B48CA /* Debug */ = {
			isa = XCBuildConfiguration;
			buildSettings = {
				BUNDLE_LOADER = "$(TEST_HOST)";
				FRAMEWORK_SEARCH_PATHS = (
					"$(SDKROOT)/Developer/Library/Frameworks",
					"$(inherited)",
				);
				GCC_PREPROCESSOR_DEFINITIONS = (
					"DEBUG=1",
					"$(inherited)",
				);
				INFOPLIST_FILE = MapDemoTests/Info.plist;
				LD_RUNPATH_SEARCH_PATHS = "$(inherited) @executable_path/Frameworks @loader_path/Frameworks";
				PRODUCT_NAME = "$(TARGET_NAME)";
				TEST_HOST = "$(BUILT_PRODUCTS_DIR)/MapDemo.app/MapDemo";
			};
			name = Debug;
		};
		80AD75071A5F2872002B48CA /* Release */ = {
			isa = XCBuildConfiguration;
			buildSettings = {
				BUNDLE_LOADER = "$(TEST_HOST)";
				FRAMEWORK_SEARCH_PATHS = (
					"$(SDKROOT)/Developer/Library/Frameworks",
					"$(inherited)",
				);
				INFOPLIST_FILE = MapDemoTests/Info.plist;
				LD_RUNPATH_SEARCH_PATHS = "$(inherited) @executable_path/Frameworks @loader_path/Frameworks";
				PRODUCT_NAME = "$(TARGET_NAME)";
				TEST_HOST = "$(BUILT_PRODUCTS_DIR)/MapDemo.app/MapDemo";
			};
			name = Release;
		};
/* End XCBuildConfiguration section */

/* Begin XCConfigurationList section */
		80AD74DE1A5F2872002B48CA /* Build configuration list for PBXProject "MapDemo" */ = {
			isa = XCConfigurationList;
			buildConfigurations = (
				80AD75001A5F2872002B48CA /* Debug */,
				80AD75011A5F2872002B48CA /* Release */,
			);
			defaultConfigurationIsVisible = 0;
			defaultConfigurationName = Release;
		};
		80AD75021A5F2872002B48CA /* Build configuration list for PBXNativeTarget "MapDemo" */ = {
			isa = XCConfigurationList;
			buildConfigurations = (
				80AD75031A5F2872002B48CA /* Debug */,
				80AD75041A5F2872002B48CA /* Release */,
			);
			defaultConfigurationIsVisible = 0;
			defaultConfigurationName = Release;
		};
		80AD75051A5F2872002B48CA /* Build configuration list for PBXNativeTarget "MapDemoTests" */ = {
			isa = XCConfigurationList;
			buildConfigurations = (
				80AD75061A5F2872002B48CA /* Debug */,
				80AD75071A5F2872002B48CA /* Release */,
			);
			defaultConfigurationIsVisible = 0;
			defaultConfigurationName = Release;
		};
/* End XCConfigurationList section */

/* Begin XCVersionGroup section */
		80B1AD591A6090B700833DD5 /* Emails.xcdatamodeld */ = {
			isa = XCVersionGroup;
			children = (
				80B1AD5A1A6090B700833DD5 /* Emails.xcdatamodel */,
			);
			currentVersion = 80B1AD5A1A6090B700833DD5 /* Emails.xcdatamodel */;
			path = Emails.xcdatamodeld;
			sourceTree = "<group>";
			versionGroupType = wrapper.xcdatamodel;
		};
/* End XCVersionGroup section */
	};
	rootObject = 80AD74DB1A5F2872002B48CA /* Project object */;
}
